
Microsoft Visual Studio Solution File, Format Version 12.00
# Visual Studio 15
VisualStudioVersion = 15.0.28010.2046
MinimumVisualStudioVersion = 10.0.40219.1
Project("{FAE04EC0-301F-11D3-BF4B-00C04F79EFBC}") = "AuthServer", "AuthServer\AuthServer.csproj", "{FB05B178-4311-4734-801A-94B895EC36E4}"
EndProject
Project("{2150E333-8FDC-42A3-9474-1A3956D46DE8}") = "0. Documents", "0. Documents", "{9D583808-E4D6-4C85-86AC-C0008B54799B}"
	ProjectSection(SolutionItems) = preProject
		.gitattributes = .gitattributes
		.gitignore = .gitignore
	EndProjectSection
EndProject
Global
	GlobalSection(SolutionConfigurationPlatforms) = preSolution
		Debug|Any CPU = Debug|Any CPU
		Release|Any CPU = Release|Any CPU
	EndGlobalSection
	GlobalSection(ProjectConfigurationPlatforms) = postSolution
		{FB05B178-4311-4734-801A-94B895EC36E4}.Debug|Any CPU.ActiveCfg = Debug|Any CPU
		{FB05B178-4311-4734-801A-94B895EC36E4}.Debug|Any CPU.Build.0 = Debug|Any CPU
		{FB05B178-4311-4734-801A-94B895EC36E4}.Release|Any CPU.ActiveCfg = Release|Any CPU
		{FB05B178-4311-4734-801A-94B895EC36E4}.Release|Any CPU.Build.0 = Release|Any CPU
	EndGlobalSection
	GlobalSection(SolutionProperties) = preSolution
		HideSolutionNode = FALSE
	EndGlobalSection
	GlobalSection(ExtensibilityGlobals) = postSolution
		SolutionGuid = {715DD226-077B-4F0B-983A-8D0AEB491368}
	EndGlobalSection
EndGlobal
